
Microsoft Visual Studio Solution File, Format Version 12.00
# Visual Studio Version 16
VisualStudioVersion = 16.0.30621.155
MinimumVisualStudioVersion = 10.0.40219.1
Project("{FAE04EC0-301F-11D3-BF4B-00C04F79EFBC}") = "Lab1", "Lab1\Lab1.csproj", "{6878855D-42BA-4C0A-92E8-BABFDBDBD4EE}"
EndProject
Global
	GlobalSection(SolutionConfigurationPlatforms) = preSolution
		Debug|Any CPU = Debug|Any CPU
		Release|Any CPU = Release|Any CPU
	EndGlobalSection
	GlobalSection(ProjectConfigurationPlatforms) = postSolution
		{6878855D-42BA-4C0A-92E8-BABFDBDBD4EE}.Debug|Any CPU.ActiveCfg = Debug|Any CPU
		{6878855D-42BA-4C0A-92E8-BABFDBDBD4EE}.Debug|Any CPU.Build.0 = Debug|Any CPU
		{6878855D-42BA-4C0A-92E8-BABFDBDBD4EE}.Release|Any CPU.ActiveCfg = Release|Any CPU
		{6878855D-42BA-4C0A-92E8-BABFDBDBD4EE}.Release|Any CPU.Build.0 = Release|Any CPU
	EndGlobalSection
	GlobalSection(SolutionProperties) = preSolution
		HideSolutionNode = FALSE
	EndGlobalSection
	GlobalSection(ExtensibilityGlobals) = postSolution
		SolutionGuid = {BC99F756-328F-49E0-BD41-1F44BC021C23}
	EndGlobalSection
EndGlobal
